
Microsoft Visual Studio Solution File, Format Version 12.00
Project("{FAE04EC0-301F-11D3-BF4B-00C04F79EFBC}") = "Astryx.Client.KingOil", "Astryx.Client.KingOil\Astryx.Client.KingOil.csproj", "{68D00B6E-322C-4729-870A-80F9138474E5}"
EndProject
Project("{FAE04EC0-301F-11D3-BF4B-00C04F79EFBC}") = "Astryx.Client.TestHarness", "Astryx.Client.TestHarness\Astryx.Client.TestHarness.csproj", "{A7550111-2563-4CAE-B216-56DB36CC1076}"
EndProject
Project("{FAE04EC0-301F-11D3-BF4B-00C04F79EFBC}") = "Astryx.Client.UI", "Astryx.Client.UI\Astryx.Client.UI.csproj", "{342FFE08-212E-468A-87EE-6504FD4A8DAD}"
EndProject
Project("{FAE04EC0-301F-11D3-BF4B-00C04F79EFBC}") = "Astryx.Abstractions", "..\Astryx\Astryx.Abstractions\Astryx.Abstractions.csproj", "{376605E9-45D0-4DEC-837C-3762A83AEDE7}"
EndProject
Project("{FAE04EC0-301F-11D3-BF4B-00C04F79EFBC}") = "Astryx.Substrate", "..\Astryx\Astryx.Substrate\Astryx.Substrate.csproj", "{CB660B0E-E16B-49D0-8B4A-28F05ED04516}"
EndProject
Project("{FAE04EC0-301F-11D3-BF4B-00C04F79EFBC}") = "Astryx.Client.Abstractions", "Astryx.Client.Abstractions\Astryx.Client.Abstractions.csproj", "{E6A47734-E929-4796-8E62-A5B6DF165F8F}"
EndProject
Global
	GlobalSection(SolutionConfigurationPlatforms) = preSolution
		Debug|Any CPU = Debug|Any CPU
		Release|Any CPU = Release|Any CPU
	EndGlobalSection
	GlobalSection(ProjectConfigurationPlatforms) = postSolution
		{68D00B6E-322C-4729-870A-80F9138474E5}.Debug|Any CPU.ActiveCfg = Debug|Any CPU
		{68D00B6E-322C-4729-870A-80F9138474E5}.Debug|Any CPU.Build.0 = Debug|Any CPU
		{68D00B6E-322C-4729-870A-80F9138474E5}.Release|Any CPU.ActiveCfg = Release|Any CPU
		{68D00B6E-322C-4729-870A-80F9138474E5}.Release|Any CPU.Build.0 = Release|Any CPU
		{A7550111-2563-4CAE-B216-56DB36CC1076}.Debug|Any CPU.ActiveCfg = Debug|Any CPU
		{A7550111-2563-4CAE-B216-56DB36CC1076}.Debug|Any CPU.Build.0 = Debug|Any CPU
		{A7550111-2563-4CAE-B216-56DB36CC1076}.Release|Any CPU.ActiveCfg = Release|Any CPU
		{A7550111-2563-4CAE-B216-56DB36CC1076}.Release|Any CPU.Build.0 = Release|Any CPU
		{342FFE08-212E-468A-87EE-6504FD4A8DAD}.Debug|Any CPU.ActiveCfg = Debug|Any CPU
		{342FFE08-212E-468A-87EE-6504FD4A8DAD}.Debug|Any CPU.Build.0 = Debug|Any CPU
		{342FFE08-212E-468A-87EE-6504FD4A8DAD}.Release|Any CPU.ActiveCfg = Release|Any CPU
		{342FFE08-212E-468A-87EE-6504FD4A8DAD}.Release|Any CPU.Build.0 = Release|Any CPU
		{376605E9-45D0-4DEC-837C-3762A83AEDE7}.Debug|Any CPU.ActiveCfg = Debug|Any CPU
		{376605E9-45D0-4DEC-837C-3762A83AEDE7}.Debug|Any CPU.Build.0 = Debug|Any CPU
		{376605E9-45D0-4DEC-837C-3762A83AEDE7}.Release|Any CPU.ActiveCfg = Release|Any CPU
		{376605E9-45D0-4DEC-837C-3762A83AEDE7}.Release|Any CPU.Build.0 = Release|Any CPU
		{CB660B0E-E16B-49D0-8B4A-28F05ED04516}.Debug|Any CPU.ActiveCfg = Debug|Any CPU
		{CB660B0E-E16B-49D0-8B4A-28F05ED04516}.Debug|Any CPU.Build.0 = Debug|Any CPU
		{CB660B0E-E16B-49D0-8B4A-28F05ED04516}.Release|Any CPU.ActiveCfg = Release|Any CPU
		{CB660B0E-E16B-49D0-8B4A-28F05ED04516}.Release|Any CPU.Build.0 = Release|Any CPU
		{E6A47734-E929-4796-8E62-A5B6DF165F8F}.Debug|Any CPU.ActiveCfg = Debug|Any CPU
		{E6A47734-E929-4796-8E62-A5B6DF165F8F}.Debug|Any CPU.Build.0 = Debug|Any CPU
		{E6A47734-E929-4796-8E62-A5B6DF165F8F}.Release|Any CPU.ActiveCfg = Release|Any CPU
		{E6A47734-E929-4796-8E62-A5B6DF165F8F}.Release|Any CPU.Build.0 = Release|Any CPU
	EndGlobalSection
EndGlobal
